hash: 55a6a9cb2f663a15d9ad853d8aaad28fab4e6ef66c8dc6b88b0be37ee1f0ba72
updated: 2017-08-31T20:46:05.22704199+09:00
imports:
- name: github.com/gin-contrib/sse
  version: 22d885f9ecc78bf4ee5d72b937e4bbcdc58e8cae
- name: github.com/gin-gonic/gin
  version: d459835d2b077e44f7c9b453505ee29881d5d12d
  subpackages:
  - binding
  - render
- name: github.com/golang/protobuf
  version: 2402d76f3d41f928c7902a765dfc872356dd3aad
  subpackages:
  - proto
- name: github.com/lib/pq
  version: e42267488fe361b9dc034be7a6bffef5b195bceb
- name: github.com/mattn/go-isatty
  version: fc9e8d8ef48496124e79ae0df75490096eccf6fe
- name: github.com/naoina/genmai
  version: c00e6703a1503c09dca12048bf17961b13511c0f
- name: github.com/naoina/go-stringutil
  version: 6b638e95a32d0c1131db0e7fe83775cbea4a0d0b
- name: github.com/ugorji/go
  version: 8c0409fcbb70099c748d71f714529204975f6c3f
  subpackages:
  - codec
- name: golang.org/x/sys
  version: bb24a47a89eac6c1227fbcb2ae37a8b9ed323366
  subpackages:
  - unix
- name: gopkg.in/go-playground/validator.v8
  version: c193cecd124b5cc722d7ee5538e945bdb3348435
- name: gopkg.in/yaml.v2
  version: eb3733d160e74a9c7e442f435eb3bea458e1d19f
testImports: []
